
Microsoft Visual Studio Solution File, Format Version 12.00
# Visual Studio Version 17
VisualStudioVersion = 17.6.33829.357
MinimumVisualStudioVersion = 10.0.40219.1
Project("{FAE04EC0-301F-11D3-BF4B-00C04F79EFBC}") = "ConsoleApp1", "ConsoleApp1.csproj", "{C85E5235-4D48-4B67-8202-7415698C6B4C}"
EndProject
Global
	GlobalSection(SolutionConfigurationPlatforms) = preSolution
		Debug|Any CPU = Debug|Any CPU
		Release|Any CPU = Release|Any CPU
	EndGlobalSection
	GlobalSection(ProjectConfigurationPlatforms) = postSolution
		{C85E5235-4D48-4B67-8202-7415698C6B4C}.Debug|Any CPU.ActiveCfg = Debug|Any CPU
		{C85E5235-4D48-4B67-8202-7415698C6B4C}.Debug|Any CPU.Build.0 = Debug|Any CPU
		{C85E5235-4D48-4B67-8202-7415698C6B4C}.Release|Any CPU.ActiveCfg = Release|Any CPU
		{C85E5235-4D48-4B67-8202-7415698C6B4C}.Release|Any CPU.Build.0 = Release|Any CPU
	EndGlobalSection
	GlobalSection(SolutionProperties) = preSolution
		HideSolutionNode = FALSE
	EndGlobalSection
	GlobalSection(ExtensibilityGlobals) = postSolution
		SolutionGuid = {0B456706-0824-4E70-AD10-B9127D2E4CC8}
	EndGlobalSection
EndGlobal
